// !$*UTF8*$!
{
	archiveVersion = 1;
	classes = {
	};
	objectVersion = 77;
	objects = {

/* Begin PBXBuildFile section */
		A31677F12F1DEF1200C8445E /* GoogleSignIn in Frameworks */ = {isa = PBXBuildFile; productRef = A31677F02F1DEF1200C8445E /* GoogleSignIn */; };
		A31677F32F1DEF1200C8445E /* GoogleSignInSwift in Frameworks */ = {isa = PBXBuildFile; productRef = A31677F22F1DEF1200C8445E /* GoogleSignInSwift */; };
/* End PBXBuildFile section */

/* Begin PBXContainerItemProxy section */
		A31C320B2F1D950E0059505B /* PBXContainerItemProxy */ = {
			isa = PBXContainerItemProxy;
			containerPortal = A31C31F12F1D950E0059505B /* Project object */;
			proxyType = 1;
			remoteGlobalIDString = A31C31F82F1D950E0059505B;
			remoteInfo = track_my_rvu;
		};
		A31C32152F1D950E0059505B /* PBXContainerItemProxy */ = {
			isa = PBXContainerItemProxy;
			containerPortal = A31C31F12F1D950E0059505B /* Project object */;
			proxyType = 1;
			remoteGlobalIDString = A31C31F82F1D950E0059505B;
			remoteInfo = track_my_rvu;
		};
/* End PBXContainerItemProxy section */

/* Begin PBXFileReference section */
		A31C31F92F1D950E0059505B /* track_my_rvu.app */ = {isa = PBXFileReference; explicitFileType = wrapper.application; includeInIndex = 0; path = track_my_rvu.app; sourceTree = BUILT_PRODUCTS_DIR; };
		A31C320A2F1D950E0059505B /* track_my_rvuTests.xctest */ = {isa = PBXFileReference; explicitFileType = wrapper.cfbundle; includeInIndex = 0; path = track_my_rvuTests.xctest; sourceTree = BUILT_PRODUCTS_DIR; };
		A31C32142F1D950E0059505B /* track_my_rvuUITests.xctest */ = {isa = PBXFileReference; explicitFileType = wrapper.cfbundle; includeInIndex = 0; path = track_my_rvuUITests.xctest; sourceTree = BUILT_PRODUCTS_DIR; };
/* End PBXFileReference section */

/* Begin PBXFileSystemSynchronizedRootGroup section */
		A31C31FB2F1D950E0059505B /* track_my_rvu */ = {
			isa = PBXFileSystemSynchronizedRootGroup;
			path = track_my_rvu;
			sourceTree = "<group>";
		};
		A31C320D2F1D950E0059505B /* track_my_rvuTests */ = {
			isa = PBXFileSystemSynchronizedRootGroup;
			path = track_my_rvuTests;
			sourceTree = "<group>";
		};
		A31C32172F1D950E0059505B /* track_my_rvuUITests */ = {
			isa = PBXFileSystemSynchronizedRootGroup;
			path = track_my_rvuUITests;
			sourceTree = "<group>";
		};
/* End PBXFileSystemSynchronizedRootGroup section */

/* Begin PBXFrameworksBuildPhase section */
		A31C31F62F1D950E0059505B /* Frameworks */ = {
			isa = PBXFrameworksBuildPhase;
			buildActionMask = 2147483647;
			files = (
				A31677F12F1DEF1200C8445E /* GoogleSignIn in Frameworks */,
				A31677F32F1DEF1200C8445E /* GoogleSignInSwift in Frameworks */,
			);
			runOnlyForDeploymentPostprocessing = 0;
		};
		A31C32072F1D950E0059505B /* Frameworks */ = {
			isa = PBXFrameworksBuildPhase;
			buildActionMask = 2147483647;
			files = (
			);
			runOnlyForDeploymentPostprocessing = 0;
		};
		A31C32112F1D950E0059505B /* Frameworks */ = {
			isa = PBXFrameworksBuildPhase;
			buildActionMask = 2147483647;
			files = (
			);
			runOnlyForDeploymentPostprocessing = 0;
		};
/* End PBXFrameworksBuildPhase section */

/* Begin PBXGroup section */
		A31C31F02F1D950E0059505B = {
			isa = PBXGroup;
			children = (
				A31C31FB2F1D950E0059505B /* track_my_rvu */,
				A31C320D2F1D950E0059505B /* track_my_rvuTests */,
				A31C32172F1D950E0059505B /* track_my_rvuUITests */,
				A31C31FA2F1D950E0059505B /* Products */,
			);
			sourceTree = "<group>";
		};
		A31C31FA2F1D950E0059505B /* Products */ = {
			isa = PBXGroup;
			children = (
				A31C31F92F1D950E0059505B /* track_my_rvu.app */,
				A31C320A2F1D950E0059505B /* track_my_rvuTests.xctest */,
				A31C32142F1D950E0059505B /* track_my_rvuUITests.xctest */,
			);
			name = Products;
			sourceTree = "<group>";
		};
/* End PBXGroup section */

/* Begin PBXNativeTarget section */
		A31C31F82F1D950E0059505B /* track_my_rvu */ = {
			isa = PBXNativeTarget;
			buildConfigurationList = A31C321E2F1D950E0059505B /* Build configuration list for PBXNativeTarget "track_my_rvu" */;
			buildPhases = (
				A31C31F52F1D950E0059505B /* Sources */,
				A31C31F62F1D950E0059505B /* Frameworks */,
				A31C31F72F1D950E0059505B /* Resources */,
			);
			buildRules = (
			);
			dependencies = (
			);
			fileSystemSynchronizedGroups = (
				A31C31FB2F1D950E0059505B /* track_my_rvu */,
			);
			name = track_my_rvu;
			packageProductDependencies = (
				A31677F02F1DEF1200C8445E /* GoogleSignIn */,
				A31677F22F1DEF1200C8445E /* GoogleSignInSwift */,
			);
			productName = track_my_rvu;
			productReference = A31C31F92F1D950E0059505B /* track_my_rvu.app */;
			productType = "com.apple.product-type.application";
		};
		A31C32092F1D950E0059505B /* track_my_rvuTests */ = {
			isa = PBXNativeTarget;
			buildConfigurationList = A31C32212F1D950E0059505B /* Build configuration list for PBXNativeTarget "track_my_rvuTests" */;
			buildPhases = (
				A31C32062F1D950E0059505B /* Sources */,
				A31C32072F1D950E0059505B /* Frameworks */,
				A31C32082F1D950E0059505B /* Resources */,
			);
			buildRules = (
			);
			dependencies = (
				A31C320C2F1D950E0059505B /* PBXTargetDependency */,
			);
			fileSystemSynchronizedGroups = (
				A31C320D2F1D950E0059505B /* track_my_rvuTests */,
			);
			name = track_my_rvuTests;
			packageProductDependencies = (
			);
			productName = track_my_rvuTests;
			productReference = A31C320A2F1D950E0059505B /* track_my_rvuTests.xctest */;
			productType = "com.apple.product-type.bundle.unit-test";
		};
		A31C32132F1D950E0059505B /* track_my_rvuUITests */ = {
			isa = PBXNativeTarget;
			buildConfigurationList = A31C32242F1D950E0059505B /* Build configuration list for PBXNativeTarget "track_my_rvuUITests" */;
			buildPhases = (
				A31C32102F1D950E0059505B /* Sources */,
				A31C32112F1D950E0059505B /* Frameworks */,
				A31C32122F1D950E0059505B /* Resources */,
			);
			buildRules = (
			);
			dependencies = (
				A31C32162F1D950E0059505B /* PBXTargetDependency */,
			);
			fileSystemSynchronizedGroups = (
				A31C32172F1D950E0059505B /* track_my_rvuUITests */,
			);
			name = track_my_rvuUITests;
			packageProductDependencies = (
			);
			productName = track_my_rvuUITests;
			productReference = A31C32142F1D950E0059505B /* track_my_rvuUITests.xctest */;
			productType = "com.apple.product-type.bundle.ui-testing";
		};
/* End PBXNativeTarget section */

/* Begin PBXProject section */
		A31C31F12F1D950E0059505B /* Project object */ = {
			isa = PBXProject;
			attributes = {
				BuildIndependentTargetsInParallel = 1;
				LastSwiftUpdateCheck = 1620;
				LastUpgradeCheck = 1620;
				TargetAttributes = {
					A31C31F82F1D950E0059505B = {
						CreatedOnToolsVersion = 16.2;
					};
					A31C32092F1D950E0059505B = {
						CreatedOnToolsVersion = 16.2;
						TestTargetID = A31C31F82F1D950E0059505B;
					};
					A31C32132F1D950E0059505B = {
						CreatedOnToolsVersion = 16.2;
						TestTargetID = A31C31F82F1D950E0059505B;
					};
				};
			};
			buildConfigurationList = A31C31F42F1D950E0059505B /* Build configuration list for PBXProject "track_my_rvu" */;
			developmentRegion = en;
			hasScannedForEncodings = 0;
			knownRegions = (
				en,
				Base,
			);
			mainGroup = A31C31F02F1D950E0059505B;
			minimizedProjectReferenceProxies = 1;
			packageReferences = (
				A31677EF2F1DEEF500C8445E /* XCRemoteSwiftPackageReference "GoogleSignIn-iOS" */,
			);
			preferredProjectObjectVersion = 77;
			productRefGroup = A31C31FA2F1D950E0059505B /* Products */;
			projectDirPath = "";
			projectRoot = "";
			targets = (
				A31C31F82F1D950E0059505B /* track_my_rvu */,
				A31C32092F1D950E0059505B /* track_my_rvuTests */,
				A31C32132F1D950E0059505B /* track_my_rvuUITests */,
			);
		};
/* End PBXProject section */

/* Begin PBXResourcesBuildPhase section */
		A31C31F72F1D950E0059505B /* Resources */ = {
			isa = PBXResourcesBuildPhase;
			buildActionMask = 2147483647;
			files = (
			);
			runOnlyForDeploymentPostprocessing = 0;
		};
		A31C32082F1D950E0059505B /* Resources */ = {
			isa = PBXResourcesBuildPhase;
			buildActionMask = 2147483647;
			files = (
			);
			runOnlyForDeploymentPostprocessing = 0;
		};
		A31C32122F1D950E0059505B /* Resources */ = {
			isa = PBXResourcesBuildPhase;
			buildActionMask = 2147483647;
			files = (
			);
			runOnlyForDeploymentPostprocessing = 0;
		};
/* End PBXResourcesBuildPhase section */

/* Begin PBXSourcesBuildPhase section */
		A31C31F52F1D950E0059505B /* Sources */ = {
			isa = PBXSourcesBuildPhase;
			buildActionMask = 2147483647;
			files = (
			);
			runOnlyForDeploymentPostprocessing = 0;
		};
		A31C32062F1D950E0059505B /* Sources */ = {
			isa = PBXSourcesBuildPhase;
			buildActionMask = 2147483647;
			files = (
			);
			runOnlyForDeploymentPostprocessing = 0;
		};
		A31C32102F1D950E0059505B /* Sources */ = {
			isa = PBXSourcesBuildPhase;
			buildActionMask = 2147483647;
			files = (
			);
			runOnlyForDeploymentPostprocessing = 0;
		};
/* End PBXSourcesBuildPhase section */

/* Begin PBXTargetDependency section */
		A31C320C2F1D950E0059505B /* PBXTargetDependency */ = {
			isa = PBXTargetDependency;
			target = A31C31F82F1D950E0059505B /* track_my_rvu */;
			targetProxy = A31C320B2F1D950E0059505B /* PBXContainerItemProxy */;
		};
		A31C32162F1D950E0059505B /* PBXTargetDependency */ = {
			isa = PBXTargetDependency;
			target = A31C31F82F1D950E0059505B /* track_my_rvu */;
			targetProxy = A31C32152F1D950E0059505B /* PBXContainerItemProxy */;
		};
/* End PBXTargetDependency section */

/* Begin XCBuildConfiguration section */
		A31C321C2F1D950E0059505B /* Debug */ = {
			isa = XCBuildConfiguration;
			buildSettings = {
				ALWAYS_SEARCH_USER_PATHS = NO;
				ASSETCATALOG_COMPILER_GENERATE_SWIFT_ASSET_SYMBOL_EXTENSIONS = YES;
				CLANG_ANALYZER_NONNULL = YES;
				CLANG_ANALYZER_NUMBER_OBJECT_CONVERSION = YES_AGGRESSIVE;
				CLANG_CXX_LANGUAGE_STANDARD = "gnu++20";
				CLANG_ENABLE_MODULES = YES;
				CLANG_ENABLE_OBJC_ARC = YES;
				CLANG_ENABLE_OBJC_WEAK = YES;
				CLANG_WARN_BLOCK_CAPTURE_AUTORELEASING = YES;
				CLANG_WARN_BOOL_CONVERSION = YES;
				CLANG_WARN_COMMA = YES;
				CLANG_WARN_CONSTANT_CONVERSION = YES;
				CLANG_WARN_DEPRECATED_OBJC_IMPLEMENTATIONS = YES;
				CLANG_WARN_DIRECT_OBJC_ISA_USAGE = YES_ERROR;
				CLANG_WARN_DOCUMENTATION_COMMENTS = YES;
				CLANG_WARN_EMPTY_BODY = YES;
				CLANG_WARN_ENUM_CONVERSION = YES;
				CLANG_WARN_INFINITE_RECURSION = YES;
				CLANG_WARN_INT_CONVERSION = YES;
				CLANG_WARN_NON_LITERAL_NULL_CONVERSION = YES;
				CLANG_WARN_OBJC_IMPLICIT_RETAIN_SELF = YES;
				CLANG_WARN_OBJC_LITERAL_CONVERSION = YES;
				CLANG_WARN_OBJC_ROOT_CLASS = YES_ERROR;
				CLANG_WARN_QUOTED_INCLUDE_IN_FRAMEWORK_HEADER = YES;
				CLANG_WARN_RANGE_LOOP_ANALYSIS = YES;
				CLANG_WARN_STRICT_PROTOTYPES = YES;
				CLANG_WARN_SUSPICIOUS_MOVE = YES;
				CLANG_WARN_UNGUARDED_AVAILABILITY = YES_AGGRESSIVE;
				CLANG_WARN_UNREACHABLE_CODE = YES;
				CLANG_WARN__DUPLICATE_METHOD_MATCH = YES;
				COPY_PHASE_STRIP = NO;
				DEBUG_INFORMATION_FORMAT = dwarf;
				ENABLE_STRICT_OBJC_MSGSEND = YES;
				ENABLE_TESTABILITY = YES;
				ENABLE_USER_SCRIPT_SANDBOXING = YES;
				GCC_C_LANGUAGE_STANDARD = gnu17;
				GCC_DYNAMIC_NO_PIC = NO;
				GCC_NO_COMMON_BLOCKS = YES;
				GCC_OPTIMIZATION_LEVEL = 0;
				GCC_PREPROCESSOR_DEFINITIONS = (
					"DEBUG=1",
					"$(inherited)",
				);
				GCC_WARN_64_TO_32_BIT_CONVERSION = YES;
				GCC_WARN_ABOUT_RETURN_TYPE = YES_ERROR;
				GCC_WARN_UNDECLARED_SELECTOR = YES;
				GCC_WARN_UNINITIALIZED_AUTOS = YES_AGGRESSIVE;
				GCC_WARN_UNUSED_FUNCTION = YES;
				GCC_WARN_UNUSED_VARIABLE = YES;
				LOCALIZATION_PREFERS_STRING_CATALOGS = YES;
				MTL_ENABLE_DEBUG_INFO = INCLUDE_SOURCE;
				MTL_FAST_MATH = YES;
				ONLY_ACTIVE_ARCH = YES;
				SWIFT_ACTIVE_COMPILATION_CONDITIONS = "DEBUG $(inherited)";
				SWIFT_OPTIMIZATION_LEVEL = "-Onone";
			};
			name = Debug;
		};
		A31C321D2F1D950E0059505B /* Release */ = {
			isa = XCBuildConfiguration;
			buildSettings = {
				ALWAYS_SEARCH_USER_PATHS = NO;
				ASSETCATALOG_COMPILER_GENERATE_SWIFT_ASSET_SYMBOL_EXTENSIONS = YES;
				CLANG_ANALYZER_NONNULL = YES;
				CLANG_ANALYZER_NUMBER_OBJECT_CONVERSION = YES_AGGRESSIVE;
				CLANG_CXX_LANGUAGE_STANDARD = "gnu++20";
				CLANG_ENABLE_MODULES = YES;
				CLANG_ENABLE_OBJC_ARC = YES;
				CLANG_ENABLE_OBJC_WEAK = YES;
				CLANG_WARN_BLOCK_CAPTURE_AUTORELEASING = YES;
				CLANG_WARN_BOOL_CONVERSION = YES;
				CLANG_WARN_COMMA = YES;
				CLANG_WARN_CONSTANT_CONVERSION = YES;
				CLANG_WARN_DEPRECATED_OBJC_IMPLEMENTATIONS = YES;
				CLANG_WARN_DIRECT_OBJC_ISA_USAGE = YES_ERROR;
				CLANG_WARN_DOCUMENTATION_COMMENTS = YES;
				CLANG_WARN_EMPTY_BODY = YES;
				CLANG_WARN_ENUM_CONVERSION = YES;
				CLANG_WARN_INFINITE_RECURSION = YES;
				CLANG_WARN_INT_CONVERSION = YES;
				CLANG_WARN_NON_LITERAL_NULL_CONVERSION = YES;
				CLANG_WARN_OBJC_IMPLICIT_RETAIN_SELF = YES;
				CLANG_WARN_OBJC_LITERAL_CONVERSION = YES;
				CLANG_WARN_OBJC_ROOT_CLASS = YES_ERROR;
				CLANG_WARN_QUOTED_INCLUDE_IN_FRAMEWORK_HEADER = YES;
				CLANG_WARN_RANGE_LOOP_ANALYSIS = YES;
				CLANG_WARN_STRICT_PROTOTYPES = YES;
				CLANG_WARN_SUSPICIOUS_MOVE = YES;
				CLANG_WARN_UNGUARDED_AVAILABILITY = YES_AGGRESSIVE;
				CLANG_WARN_UNREACHABLE_CODE = YES;
				CLANG_WARN__DUPLICATE_METHOD_MATCH = YES;
				COPY_PHASE_STRIP = NO;
				DEBUG_INFORMATION_FORMAT = "dwarf-with-dsym";
				ENABLE_NS_ASSERTIONS = NO;
				ENABLE_STRICT_OBJC_MSGSEND = YES;
				ENABLE_USER_SCRIPT_SANDBOXING = YES;
				GCC_C_LANGUAGE_STANDARD = gnu17;
				GCC_NO_COMMON_BLOCKS = YES;
				GCC_WARN_64_TO_32_BIT_CONVERSION = YES;
				GCC_WARN_ABOUT_RETURN_TYPE = YES_ERROR;
				GCC_WARN_UNDECLARED_SELECTOR = YES;
				GCC_WARN_UNINITIALIZED_AUTOS = YES_AGGRESSIVE;
				GCC_WARN_UNUSED_FUNCTION = YES;
				GCC_WARN_UNUSED_VARIABLE = YES;
				LOCALIZATION_PREFERS_STRING_CATALOGS = YES;
				MTL_ENABLE_DEBUG_INFO = NO;
				MTL_FAST_MATH = YES;
				SWIFT_COMPILATION_MODE = wholemodule;
			};
			name = Release;
		};
		A31C321F2F1D950E0059505B /* Debug */ = {
			isa = XCBuildConfiguration;
			buildSettings = {
				ASSETCATALOG_COMPILER_APPICON_NAME = AppIcon;
				ASSETCATALOG_COMPILER_GLOBAL_ACCENT_COLOR_NAME = AccentColor;
				CODE_SIGN_ENTITLEMENTS = track_my_rvu/track_my_rvu.entitlements;
				CODE_SIGN_STYLE = Automatic;
				CURRENT_PROJECT_VERSION = 1;
				DEVELOPMENT_ASSET_PATHS = "\"track_my_rvu/Preview Content\"";
				DEVELOPMENT_TEAM = 6NQ832289G;
				ENABLE_HARDENED_RUNTIME = YES;
				ENABLE_PREVIEWS = YES;
				GENERATE_INFOPLIST_FILE = YES;
				INFOPLIST_KEY_CFBundleDisplayName = "RVU Tracker";
				INFOPLIST_KEY_CFBundleURLTypes = "{ CFBundleURLSchemes = (\"com.googleusercontent.apps.26qf4ko8m30etpsebgrjfo6nlgh1ac8i-386826311054\"); }";
				"INFOPLIST_KEY_UIApplicationSceneManifest_Generation[sdk=iphoneos*]" = YES;
				"INFOPLIST_KEY_UIApplicationSceneManifest_Generation[sdk=iphonesimulator*]" = YES;
				"INFOPLIST_KEY_UIApplicationSupportsIndirectInputEvents[sdk=iphoneos*]" = YES;
				"INFOPLIST_KEY_UIApplicationSupportsIndirectInputEvents[sdk=iphonesimulator*]" = YES;
				"INFOPLIST_KEY_UILaunchScreen_Generation[sdk=iphoneos*]" = YES;
				"INFOPLIST_KEY_UILaunchScreen_Generation[sdk=iphonesimulator*]" = YES;
				"INFOPLIST_KEY_UIStatusBarStyle[sdk=iphoneos*]" = UIStatusBarStyleDefault;
				"INFOPLIST_KEY_UIStatusBarStyle[sdk=iphonesimulator*]" = UIStatusBarStyleDefault;
				INFOPLIST_KEY_UISupportedInterfaceOrientations_iPad = "UIInterfaceOrientationPortrait UIInterfaceOrientationPortraitUpsideDown UIInterfaceOrientationLandscapeLeft UIInterfaceOrientationLandscapeRight";
				INFOPLIST_KEY_UISupportedInterfaceOrientations_iPhone = UIInterfaceOrientationPortrait;
				IPHONEOS_DEPLOYMENT_TARGET = 17.0;
				LD_RUNPATH_SEARCH_PATHS = "@executable_path/Frameworks";
				"LD_RUNPATH_SEARCH_PATHS[sdk=macosx*]" = "@executable_path/../Frameworks";
				MACOSX_DEPLOYMENT_TARGET = 15.1;
				MARKETING_VERSION = 1.0;
				PRODUCT_BUNDLE_IDENTIFIER = com.trackmyrvu.ios;
				PRODUCT_NAME = "$(TARGET_NAME)";
				SDKROOT = auto;
				SUPPORTED_PLATFORMS = "iphoneos iphonesimulator";
				SWIFT_EMIT_LOC_STRINGS = YES;
				SWIFT_VERSION = 5.0;
				TARGETED_DEVICE_FAMILY = 1;
				XROS_DEPLOYMENT_TARGET = 2.2;
			};
			name = Debug;
		};
		A31C32202F1D950E0059505B /* Release */ = {
			isa = XCBuildConfiguration;
			buildSettings = {
				ASSETCATALOG_COMPILER_APPICON_NAME = AppIcon;
				ASSETCATALOG_COMPILER_GLOBAL_ACCENT_COLOR_NAME = AccentColor;
				CODE_SIGN_ENTITLEMENTS = track_my_rvu/track_my_rvu.entitlements;
				CODE_SIGN_STYLE = Automatic;
				CURRENT_PROJECT_VERSION = 1;
				DEVELOPMENT_ASSET_PATHS = "\"track_my_rvu/Preview Content\"";
				DEVELOPMENT_TEAM = 6NQ832289G;
				ENABLE_HARDENED_RUNTIME = YES;
				ENABLE_PREVIEWS = YES;
				GENERATE_INFOPLIST_FILE = YES;
				INFOPLIST_KEY_CFBundleDisplayName = "RVU Tracker";
				INFOPLIST_KEY_CFBundleURLTypes = "{ CFBundleURLSchemes = (\"com.googleusercontent.apps.26qf4ko8m30etpsebgrjfo6nlgh1ac8i-386826311054\"); }";
				"INFOPLIST_KEY_UIApplicationSceneManifest_Generation[sdk=iphoneos*]" = YES;
				"INFOPLIST_KEY_UIApplicationSceneManifest_Generation[sdk=iphonesimulator*]" = YES;
				"INFOPLIST_KEY_UIApplicationSupportsIndirectInputEvents[sdk=iphoneos*]" = YES;
				"INFOPLIST_KEY_UIApplicationSupportsIndirectInputEvents[sdk=iphonesimulator*]" = YES;
				"INFOPLIST_KEY_UILaunchScreen_Generation[sdk=iphoneos*]" = YES;
				"INFOPLIST_KEY_UILaunchScreen_Generation[sdk=iphonesimulator*]" = YES;
				"INFOPLIST_KEY_UIStatusBarStyle[sdk=iphoneos*]" = UIStatusBarStyleDefault;
				"INFOPLIST_KEY_UIStatusBarStyle[sdk=iphonesimulator*]" = UIStatusBarStyleDefault;
				INFOPLIST_KEY_UISupportedInterfaceOrientations_iPad = "UIInterfaceOrientationPortrait UIInterfaceOrientationPortraitUpsideDown UIInterfaceOrientationLandscapeLeft UIInterfaceOrientationLandscapeRight";
				INFOPLIST_KEY_UISupportedInterfaceOrientations_iPhone = UIInterfaceOrientationPortrait;
				IPHONEOS_DEPLOYMENT_TARGET = 17.0;
				LD_RUNPATH_SEARCH_PATHS = "@executable_path/Frameworks";
				"LD_RUNPATH_SEARCH_PATHS[sdk=macosx*]" = "@executable_path/../Frameworks";
				MACOSX_DEPLOYMENT_TARGET = 15.1;
				MARKETING_VERSION = 1.0;
				PRODUCT_BUNDLE_IDENTIFIER = com.trackmyrvu.ios;
				PRODUCT_NAME = "$(TARGET_NAME)";
				SDKROOT = auto;
				SUPPORTED_PLATFORMS = "iphoneos iphonesimulator";
				SWIFT_EMIT_LOC_STRINGS = YES;
				SWIFT_VERSION = 5.0;
				TARGETED_DEVICE_FAMILY = 1;
				XROS_DEPLOYMENT_TARGET = 2.2;
			};
			name = Release;
		};
		A31C32222F1D950E0059505B /* Debug */ = {
			isa = XCBuildConfiguration;
			buildSettings = {
				BUNDLE_LOADER = "$(TEST_HOST)";
				CODE_SIGN_STYLE = Automatic;
				CURRENT_PROJECT_VERSION = 1;
				DEVELOPMENT_TEAM = 6NQ832289G;
				GENERATE_INFOPLIST_FILE = YES;
				IPHONEOS_DEPLOYMENT_TARGET = 17.0;
				MACOSX_DEPLOYMENT_TARGET = 15.1;
				MARKETING_VERSION = 1.0;
				PRODUCT_BUNDLE_IDENTIFIER = "cdc.track-my-rvuTests";
				PRODUCT_NAME = "$(TARGET_NAME)";
				SDKROOT = auto;
				SUPPORTED_PLATFORMS = "iphoneos iphonesimulator";
				SWIFT_EMIT_LOC_STRINGS = NO;
				SWIFT_VERSION = 5.0;
				TARGETED_DEVICE_FAMILY = 1;
				TEST_HOST = "$(BUILT_PRODUCTS_DIR)/track_my_rvu.app/$(BUNDLE_EXECUTABLE_FOLDER_PATH)/track_my_rvu";
				XROS_DEPLOYMENT_TARGET = 2.2;
			};
			name = Debug;
		};
		A31C32232F1D950E0059505B /* Release */ = {
			isa = XCBuildConfiguration;
			buildSettings = {
				BUNDLE_LOADER = "$(TEST_HOST)";
				CODE_SIGN_STYLE = Automatic;
				CURRENT_PROJECT_VERSION = 1;
				DEVELOPMENT_TEAM = 6NQ832289G;
				GENERATE_INFOPLIST_FILE = YES;
				IPHONEOS_DEPLOYMENT_TARGET = 17.0;
				MACOSX_DEPLOYMENT_TARGET = 15.1;
				MARKETING_VERSION = 1.0;
				PRODUCT_BUNDLE_IDENTIFIER = "cdc.track-my-rvuTests";
				PRODUCT_NAME = "$(TARGET_NAME)";
				SDKROOT = auto;
				SUPPORTED_PLATFORMS = "iphoneos iphonesimulator";
				SWIFT_EMIT_LOC_STRINGS = NO;
				SWIFT_VERSION = 5.0;
				TARGETED_DEVICE_FAMILY = 1;
				TEST_HOST = "$(BUILT_PRODUCTS_DIR)/track_my_rvu.app/$(BUNDLE_EXECUTABLE_FOLDER_PATH)/track_my_rvu";
				XROS_DEPLOYMENT_TARGET = 2.2;
			};
			name = Release;
		};
		A31C32252F1D950E0059505B /* Debug */ = {
			isa = XCBuildConfiguration;
			buildSettings = {
				CODE_SIGN_STYLE = Automatic;
				CURRENT_PROJECT_VERSION = 1;
				DEVELOPMENT_TEAM = 6NQ832289G;
				GENERATE_INFOPLIST_FILE = YES;
				IPHONEOS_DEPLOYMENT_TARGET = 17.0;
				MACOSX_DEPLOYMENT_TARGET = 15.1;
				MARKETING_VERSION = 1.0;
				PRODUCT_BUNDLE_IDENTIFIER = "cdc.track-my-rvuUITests";
				PRODUCT_NAME = "$(TARGET_NAME)";
				SDKROOT = auto;
				SUPPORTED_PLATFORMS = "iphoneos iphonesimulator";
				SWIFT_EMIT_LOC_STRINGS = NO;
				SWIFT_VERSION = 5.0;
				TARGETED_DEVICE_FAMILY = 1;
				TEST_TARGET_NAME = track_my_rvu;
				XROS_DEPLOYMENT_TARGET = 2.2;
			};
			name = Debug;
		};
		A31C32262F1D950E0059505B /* Release */ = {
			isa = XCBuildConfiguration;
			buildSettings = {
				CODE_SIGN_STYLE = Automatic;
				CURRENT_PROJECT_VERSION = 1;
				DEVELOPMENT_TEAM = 6NQ832289G;
				GENERATE_INFOPLIST_FILE = YES;
				IPHONEOS_DEPLOYMENT_TARGET = 17.0;
				MACOSX_DEPLOYMENT_TARGET = 15.1;
				MARKETING_VERSION = 1.0;
				PRODUCT_BUNDLE_IDENTIFIER = "cdc.track-my-rvuUITests";
				PRODUCT_NAME = "$(TARGET_NAME)";
				SDKROOT = auto;
				SUPPORTED_PLATFORMS = "iphoneos iphonesimulator";
				SWIFT_EMIT_LOC_STRINGS = NO;
				SWIFT_VERSION = 5.0;
				TARGETED_DEVICE_FAMILY = 1;
				TEST_TARGET_NAME = track_my_rvu;
				XROS_DEPLOYMENT_TARGET = 2.2;
			};
			name = Release;
		};
/* End XCBuildConfiguration section */

/* Begin XCConfigurationList section */
		A31C31F42F1D950E0059505B /* Build configuration list for PBXProject "track_my_rvu" */ = {
			isa = XCConfigurationList;
			buildConfigurations = (
				A31C321C2F1D950E0059505B /* Debug */,
				A31C321D2F1D950E0059505B /* Release */,
			);
			defaultConfigurationIsVisible = 0;
			defaultConfigurationName = Release;
		};
		A31C321E2F1D950E0059505B /* Build configuration list for PBXNativeTarget "track_my_rvu" */ = {
			isa = XCConfigurationList;
			buildConfigurations = (
				A31C321F2F1D950E0059505B /* Debug */,
				A31C32202F1D950E0059505B /* Release */,
			);
			defaultConfigurationIsVisible = 0;
			defaultConfigurationName = Release;
		};
		A31C32212F1D950E0059505B /* Build configuration list for PBXNativeTarget "track_my_rvuTests" */ = {
			isa = XCConfigurationList;
			buildConfigurations = (
				A31C32222F1D950E0059505B /* Debug */,
				A31C32232F1D950E0059505B /* Release */,
			);
			defaultConfigurationIsVisible = 0;
			defaultConfigurationName = Release;
		};
		A31C32242F1D950E0059505B /* Build configuration list for PBXNativeTarget "track_my_rvuUITests" */ = {
			isa = XCConfigurationList;
			buildConfigurations = (
				A31C32252F1D950E0059505B /* Debug */,
				A31C32262F1D950E0059505B /* Release */,
			);
			defaultConfigurationIsVisible = 0;
			defaultConfigurationName = Release;
		};
/* End XCConfigurationList section */

/* Begin XCRemoteSwiftPackageReference section */
		A31677EF2F1DEEF500C8445E /* XCRemoteSwiftPackageReference "GoogleSignIn-iOS" */ = {
			isa = XCRemoteSwiftPackageReference;
			repositoryURL = "https://github.com/google/GoogleSignIn-iOS";
			requirement = {
				kind = upToNextMajorVersion;
				minimumVersion = 9.1.0;
			};
		};
/* End XCRemoteSwiftPackageReference section */

/* Begin XCSwiftPackageProductDependency section */
		A31677F02F1DEF1200C8445E /* GoogleSignIn */ = {
			isa = XCSwiftPackageProductDependency;
			package = A31677EF2F1DEEF500C8445E /* XCRemoteSwiftPackageReference "GoogleSignIn-iOS" */;
			productName = GoogleSignIn;
		};
		A31677F22F1DEF1200C8445E /* GoogleSignInSwift */ = {
			isa = XCSwiftPackageProductDependency;
			package = A31677EF2F1DEEF500C8445E /* XCRemoteSwiftPackageReference "GoogleSignIn-iOS" */;
			productName = GoogleSignInSwift;
		};
/* End XCSwiftPackageProductDependency section */
	};
	rootObject = A31C31F12F1D950E0059505B /* Project object */;
}
